
Microsoft Visual Studio Solution File, Format Version 12.00
# Visual Studio Version 17
VisualStudioVersion = 17.5.33516.290
MinimumVisualStudioVersion = 10.0.40219.1
Project("{FAE04EC0-301F-11D3-BF4B-00C04F79EFBC}") = "ThreeLayerBizApp", "ThreeLayerBizApp\ThreeLayerBizApp.csproj", "{86ABC1D6-3E8F-4193-AF93-EFFFC10FF182}"
EndProject
Project("{FAE04EC0-301F-11D3-BF4B-00C04F79EFBC}") = "DataAccessLayer", "DataAccessLayer\DataAccessLayer.csproj", "{F17CDF30-858E-4ABF-BD40-5E53076F5B82}"
EndProject
Project("{FAE04EC0-301F-11D3-BF4B-00C04F79EFBC}") = "BusinessLogicLayer", "BusinessLogicLayer\BusinessLogicLayer.csproj", "{302DA7A5-0203-4E84-862E-8EDBD89D48D2}"
EndProject
Global
	GlobalSection(SolutionConfigurationPlatforms) = preSolution
		Debug|Any CPU = Debug|Any CPU
		Release|Any CPU = Release|Any CPU
	EndGlobalSection
	GlobalSection(ProjectConfigurationPlatforms) = postSolution
		{86ABC1D6-3E8F-4193-AF93-EFFFC10FF182}.Debug|Any CPU.ActiveCfg = Debug|Any CPU
		{86ABC1D6-3E8F-4193-AF93-EFFFC10FF182}.Debug|Any CPU.Build.0 = Debug|Any CPU
		{86ABC1D6-3E8F-4193-AF93-EFFFC10FF182}.Release|Any CPU.ActiveCfg = Release|Any CPU
		{86ABC1D6-3E8F-4193-AF93-EFFFC10FF182}.Release|Any CPU.Build.0 = Release|Any CPU
		{F17CDF30-858E-4ABF-BD40-5E53076F5B82}.Debug|Any CPU.ActiveCfg = Debug|Any CPU
		{F17CDF30-858E-4ABF-BD40-5E53076F5B82}.Debug|Any CPU.Build.0 = Debug|Any CPU
		{F17CDF30-858E-4ABF-BD40-5E53076F5B82}.Release|Any CPU.ActiveCfg = Release|Any CPU
		{F17CDF30-858E-4ABF-BD40-5E53076F5B82}.Release|Any CPU.Build.0 = Release|Any CPU
		{302DA7A5-0203-4E84-862E-8EDBD89D48D2}.Debug|Any CPU.ActiveCfg = Debug|Any CPU
		{302DA7A5-0203-4E84-862E-8EDBD89D48D2}.Debug|Any CPU.Build.0 = Debug|Any CPU
		{302DA7A5-0203-4E84-862E-8EDBD89D48D2}.Release|Any CPU.ActiveCfg = Release|Any CPU
		{302DA7A5-0203-4E84-862E-8EDBD89D48D2}.Release|Any CPU.Build.0 = Release|Any CPU
	EndGlobalSection
	GlobalSection(SolutionProperties) = preSolution
		HideSolutionNode = FALSE
	EndGlobalSection
	GlobalSection(ExtensibilityGlobals) = postSolution
		SolutionGuid = {55DB51C0-2CFA-46AD-A3ED-452964C86962}
	EndGlobalSection
EndGlobal
